
Microsoft Visual Studio Solution File, Format Version 12.00
# Visual Studio Version 17
VisualStudioVersion = 17.13.35806.99
MinimumVisualStudioVersion = 10.0.40219.1
Project("{FAE04EC0-301F-11D3-BF4B-00C04F79EFBC}") = "WebAPI", "WebAPI\WebAPI.csproj", "{650DB4B9-DD56-46ED-A935-E7BC9E99FEC9}"
EndProject
Project("{FAE04EC0-301F-11D3-BF4B-00C04F79EFBC}") = "BusinessObject", "BusinessObject\BusinessObject.csproj", "{3CD45320-0E55-4A19-8AD7-9035D8000B69}"
EndProject
Project("{FAE04EC0-301F-11D3-BF4B-00C04F79EFBC}") = "DataAccess", "DataAccess\DataAccess.csproj", "{E6BE8F7D-8EBB-4A93-B06A-48C8B7FC952E}"
EndProject
Project("{FAE04EC0-301F-11D3-BF4B-00C04F79EFBC}") = "Utilities", "Utilities\Utilities.csproj", "{27E3033A-797D-4492-B9F3-E1382A954EB1}"
EndProject
Project("{FAE04EC0-301F-11D3-BF4B-00C04F79EFBC}") = "WebClient", "WebClient\WebClient.csproj", "{91CC434B-FF80-4B3D-8686-7672B5301A51}"
EndProject
Global
	GlobalSection(SolutionConfigurationPlatforms) = preSolution
		Debug|Any CPU = Debug|Any CPU
		Release|Any CPU = Release|Any CPU
	EndGlobalSection
	GlobalSection(ProjectConfigurationPlatforms) = postSolution
		{650DB4B9-DD56-46ED-A935-E7BC9E99FEC9}.Debug|Any CPU.ActiveCfg = Debug|Any CPU
		{650DB4B9-DD56-46ED-A935-E7BC9E99FEC9}.Debug|Any CPU.Build.0 = Debug|Any CPU
		{650DB4B9-DD56-46ED-A935-E7BC9E99FEC9}.Release|Any CPU.ActiveCfg = Release|Any CPU
		{650DB4B9-DD56-46ED-A935-E7BC9E99FEC9}.Release|Any CPU.Build.0 = Release|Any CPU
		{3CD45320-0E55-4A19-8AD7-9035D8000B69}.Debug|Any CPU.ActiveCfg = Debug|Any CPU
		{3CD45320-0E55-4A19-8AD7-9035D8000B69}.Debug|Any CPU.Build.0 = Debug|Any CPU
		{3CD45320-0E55-4A19-8AD7-9035D8000B69}.Release|Any CPU.ActiveCfg = Release|Any CPU
		{3CD45320-0E55-4A19-8AD7-9035D8000B69}.Release|Any CPU.Build.0 = Release|Any CPU
		{E6BE8F7D-8EBB-4A93-B06A-48C8B7FC952E}.Debug|Any CPU.ActiveCfg = Debug|Any CPU
		{E6BE8F7D-8EBB-4A93-B06A-48C8B7FC952E}.Debug|Any CPU.Build.0 = Debug|Any CPU
		{E6BE8F7D-8EBB-4A93-B06A-48C8B7FC952E}.Release|Any CPU.ActiveCfg = Release|Any CPU
		{E6BE8F7D-8EBB-4A93-B06A-48C8B7FC952E}.Release|Any CPU.Build.0 = Release|Any CPU
		{27E3033A-797D-4492-B9F3-E1382A954EB1}.Debug|Any CPU.ActiveCfg = Debug|Any CPU
		{27E3033A-797D-4492-B9F3-E1382A954EB1}.Debug|Any CPU.Build.0 = Debug|Any CPU
		{27E3033A-797D-4492-B9F3-E1382A954EB1}.Release|Any CPU.ActiveCfg = Release|Any CPU
		{27E3033A-797D-4492-B9F3-E1382A954EB1}.Release|Any CPU.Build.0 = Release|Any CPU
		{91CC434B-FF80-4B3D-8686-7672B5301A51}.Debug|Any CPU.ActiveCfg = Debug|Any CPU
		{91CC434B-FF80-4B3D-8686-7672B5301A51}.Debug|Any CPU.Build.0 = Debug|Any CPU
		{91CC434B-FF80-4B3D-8686-7672B5301A51}.Release|Any CPU.ActiveCfg = Release|Any CPU
		{91CC434B-FF80-4B3D-8686-7672B5301A51}.Release|Any CPU.Build.0 = Release|Any CPU
	EndGlobalSection
	GlobalSection(SolutionProperties) = preSolution
		HideSolutionNode = FALSE
	EndGlobalSection
	GlobalSection(ExtensibilityGlobals) = postSolution
		SolutionGuid = {EDF6644A-38CA-443D-9E3F-DA26CD40D7C2}
	EndGlobalSection
EndGlobal
